
Microsoft Visual Studio Solution File, Format Version 12.00
# Visual Studio Version 16
VisualStudioVersion = 16.0.29102.190
MinimumVisualStudioVersion = 10.0.40219.1
Project("{FAE04EC0-301F-11D3-BF4B-00C04F79EFBC}") = "LesApp0", "LesApp0\LesApp0.csproj", "{01B7E95F-D49B-4C82-9FB0-2FE103BBD251}"
EndProject
Global
	GlobalSection(SolutionConfigurationPlatforms) = preSolution
		Debug|Any CPU = Debug|Any CPU
		Release|Any CPU = Release|Any CPU
	EndGlobalSection
	GlobalSection(ProjectConfigurationPlatforms) = postSolution
		{01B7E95F-D49B-4C82-9FB0-2FE103BBD251}.Debug|Any CPU.ActiveCfg = Debug|Any CPU
		{01B7E95F-D49B-4C82-9FB0-2FE103BBD251}.Debug|Any CPU.Build.0 = Debug|Any CPU
		{01B7E95F-D49B-4C82-9FB0-2FE103BBD251}.Release|Any CPU.ActiveCfg = Release|Any CPU
		{01B7E95F-D49B-4C82-9FB0-2FE103BBD251}.Release|Any CPU.Build.0 = Release|Any CPU
	EndGlobalSection
	GlobalSection(SolutionProperties) = preSolution
		HideSolutionNode = FALSE
	EndGlobalSection
	GlobalSection(ExtensibilityGlobals) = postSolution
		SolutionGuid = {94042652-6641-40B4-ADF0-10B85E95662E}
	EndGlobalSection
EndGlobal
