
Microsoft Visual Studio Solution File, Format Version 12.00
# Visual Studio 14
VisualStudioVersion = 14.0.25420.1
MinimumVisualStudioVersion = 10.0.40219.1
Project("{FAE04EC0-301F-11D3-BF4B-00C04F79EFBC}") = "LesApp0", "LesApp0\LesApp0.csproj", "{01B7E95F-D49B-4C82-9FB0-2FE103BBD251}"
EndProject
Project("{FAE04EC0-301F-11D3-BF4B-00C04F79EFBC}") = "LesApp1", "LesApp1\LesApp1.csproj", "{23395D97-BE76-446A-A124-ECFF30821DD5}"
EndProject
Project("{FAE04EC0-301F-11D3-BF4B-00C04F79EFBC}") = "LesApp2", "LesApp2\LesApp2.csproj", "{DC035591-E88A-4858-8FDC-9A3C60CEEBE5}"
EndProject
Project("{FAE04EC0-301F-11D3-BF4B-00C04F79EFBC}") = "LesApp3", "LesApp3\LesApp3.csproj", "{E98821A1-8FE1-49E8-8CAA-8462EB08DC08}"
EndProject
Global
	GlobalSection(SolutionConfigurationPlatforms) = preSolution
		Debug|Any CPU = Debug|Any CPU
		Release|Any CPU = Release|Any CPU
	EndGlobalSection
	GlobalSection(ProjectConfigurationPlatforms) = postSolution
		{01B7E95F-D49B-4C82-9FB0-2FE103BBD251}.Debug|Any CPU.ActiveCfg = Debug|Any CPU
		{01B7E95F-D49B-4C82-9FB0-2FE103BBD251}.Debug|Any CPU.Build.0 = Debug|Any CPU
		{01B7E95F-D49B-4C82-9FB0-2FE103BBD251}.Release|Any CPU.ActiveCfg = Release|Any CPU
		{01B7E95F-D49B-4C82-9FB0-2FE103BBD251}.Release|Any CPU.Build.0 = Release|Any CPU
		{23395D97-BE76-446A-A124-ECFF30821DD5}.Debug|Any CPU.ActiveCfg = Debug|Any CPU
		{23395D97-BE76-446A-A124-ECFF30821DD5}.Debug|Any CPU.Build.0 = Debug|Any CPU
		{23395D97-BE76-446A-A124-ECFF30821DD5}.Release|Any CPU.ActiveCfg = Release|Any CPU
		{23395D97-BE76-446A-A124-ECFF30821DD5}.Release|Any CPU.Build.0 = Release|Any CPU
		{DC035591-E88A-4858-8FDC-9A3C60CEEBE5}.Debug|Any CPU.ActiveCfg = Debug|Any CPU
		{DC035591-E88A-4858-8FDC-9A3C60CEEBE5}.Debug|Any CPU.Build.0 = Debug|Any CPU
		{DC035591-E88A-4858-8FDC-9A3C60CEEBE5}.Release|Any CPU.ActiveCfg = Release|Any CPU
		{DC035591-E88A-4858-8FDC-9A3C60CEEBE5}.Release|Any CPU.Build.0 = Release|Any CPU
		{E98821A1-8FE1-49E8-8CAA-8462EB08DC08}.Debug|Any CPU.ActiveCfg = Debug|Any CPU
		{E98821A1-8FE1-49E8-8CAA-8462EB08DC08}.Debug|Any CPU.Build.0 = Debug|Any CPU
		{E98821A1-8FE1-49E8-8CAA-8462EB08DC08}.Release|Any CPU.ActiveCfg = Release|Any CPU
		{E98821A1-8FE1-49E8-8CAA-8462EB08DC08}.Release|Any CPU.Build.0 = Release|Any CPU
	EndGlobalSection
	GlobalSection(SolutionProperties) = preSolution
		HideSolutionNode = FALSE
	EndGlobalSection
	GlobalSection(ExtensibilityGlobals) = postSolution
		SolutionGuid = {94042652-6641-40B4-ADF0-10B85E95662E}
	EndGlobalSection
EndGlobal
